
Microsoft Visual Studio Solution File, Format Version 12.00
# Visual Studio Version 17
VisualStudioVersion = 17.4.33122.133
MinimumVisualStudioVersion = 10.0.40219.1
Project("{F2A71F9B-5D33-465A-A702-920D77279786}") = "FirstCRUD", "FirstCRUD.fsproj", "{C1586672-5D62-42A8-A175-3CA3329FCAFD}"
EndProject
Global
	GlobalSection(SolutionConfigurationPlatforms) = preSolution
		Debug|Any CPU = Debug|Any CPU
		Release|Any CPU = Release|Any CPU
	EndGlobalSection
	GlobalSection(ProjectConfigurationPlatforms) = postSolution
		{C1586672-5D62-42A8-A175-3CA3329FCAFD}.Debug|Any CPU.ActiveCfg = Debug|Any CPU
		{C1586672-5D62-42A8-A175-3CA3329FCAFD}.Debug|Any CPU.Build.0 = Debug|Any CPU
		{C1586672-5D62-42A8-A175-3CA3329FCAFD}.Release|Any CPU.ActiveCfg = Release|Any CPU
		{C1586672-5D62-42A8-A175-3CA3329FCAFD}.Release|Any CPU.Build.0 = Release|Any CPU
	EndGlobalSection
	GlobalSection(SolutionProperties) = preSolution
		HideSolutionNode = FALSE
	EndGlobalSection
	GlobalSection(ExtensibilityGlobals) = postSolution
		SolutionGuid = {3F817C38-0CE2-43EA-9D5B-0CA0129629CC}
	EndGlobalSection
EndGlobal
